
Microsoft Visual Studio Solution File, Format Version 12.00
Project("{FAE04EC0-301F-11D3-BF4B-00C04F79EFBC}") = "WebAPI", "WebAPI\WebAPI.csproj", "{8EC5F584-D68F-42B9-B9ED-C8E932A6285A}"
EndProject
Project("{FAE04EC0-301F-11D3-BF4B-00C04F79EFBC}") = "Domain", "Domain\Domain.csproj", "{776AFA60-EB0B-494A-8DA3-C9E704AFE9D7}"
EndProject
Project("{FAE04EC0-301F-11D3-BF4B-00C04F79EFBC}") = "BlazorApplication", "BlazorApplication\BlazorApplication.csproj", "{89F53981-E195-4E08-B192-53E0A63CD485}"
EndProject
Project("{FAE04EC0-301F-11D3-BF4B-00C04F79EFBC}") = "Application", "Application\Application.csproj", "{72B2F247-B5B5-4E8A-AD4A-0967B1A02B1D}"
EndProject
Project("{FAE04EC0-301F-11D3-BF4B-00C04F79EFBC}") = "HttpClients", "HttpClients\HttpClients.csproj", "{AE83DF08-CC61-4103-8A43-30F9144D4F7E}"
EndProject
Project("{FAE04EC0-301F-11D3-BF4B-00C04F79EFBC}") = "Shared", "Shared\Shared.csproj", "{50D30AC9-0CE9-4434-A4B0-421091ED5DE9}"
EndProject
Project("{FAE04EC0-301F-11D3-BF4B-00C04F79EFBC}") = "EFCDataAccess", "EFCDataAccess\EFCDataAccess.csproj", "{D3FAFB78-1AF5-4966-8168-A402DC2B68F9}"
EndProject
Global
	GlobalSection(SolutionConfigurationPlatforms) = preSolution
		Debug|Any CPU = Debug|Any CPU
		Release|Any CPU = Release|Any CPU
	EndGlobalSection
	GlobalSection(ProjectConfigurationPlatforms) = postSolution
		{8EC5F584-D68F-42B9-B9ED-C8E932A6285A}.Debug|Any CPU.ActiveCfg = Debug|Any CPU
		{8EC5F584-D68F-42B9-B9ED-C8E932A6285A}.Debug|Any CPU.Build.0 = Debug|Any CPU
		{8EC5F584-D68F-42B9-B9ED-C8E932A6285A}.Release|Any CPU.ActiveCfg = Release|Any CPU
		{8EC5F584-D68F-42B9-B9ED-C8E932A6285A}.Release|Any CPU.Build.0 = Release|Any CPU
		{776AFA60-EB0B-494A-8DA3-C9E704AFE9D7}.Debug|Any CPU.ActiveCfg = Debug|Any CPU
		{776AFA60-EB0B-494A-8DA3-C9E704AFE9D7}.Debug|Any CPU.Build.0 = Debug|Any CPU
		{776AFA60-EB0B-494A-8DA3-C9E704AFE9D7}.Release|Any CPU.ActiveCfg = Release|Any CPU
		{776AFA60-EB0B-494A-8DA3-C9E704AFE9D7}.Release|Any CPU.Build.0 = Release|Any CPU
		{89F53981-E195-4E08-B192-53E0A63CD485}.Debug|Any CPU.ActiveCfg = Debug|Any CPU
		{89F53981-E195-4E08-B192-53E0A63CD485}.Debug|Any CPU.Build.0 = Debug|Any CPU
		{89F53981-E195-4E08-B192-53E0A63CD485}.Release|Any CPU.ActiveCfg = Release|Any CPU
		{89F53981-E195-4E08-B192-53E0A63CD485}.Release|Any CPU.Build.0 = Release|Any CPU
		{72B2F247-B5B5-4E8A-AD4A-0967B1A02B1D}.Debug|Any CPU.ActiveCfg = Debug|Any CPU
		{72B2F247-B5B5-4E8A-AD4A-0967B1A02B1D}.Debug|Any CPU.Build.0 = Debug|Any CPU
		{72B2F247-B5B5-4E8A-AD4A-0967B1A02B1D}.Release|Any CPU.ActiveCfg = Release|Any CPU
		{72B2F247-B5B5-4E8A-AD4A-0967B1A02B1D}.Release|Any CPU.Build.0 = Release|Any CPU
		{AE83DF08-CC61-4103-8A43-30F9144D4F7E}.Debug|Any CPU.ActiveCfg = Debug|Any CPU
		{AE83DF08-CC61-4103-8A43-30F9144D4F7E}.Debug|Any CPU.Build.0 = Debug|Any CPU
		{AE83DF08-CC61-4103-8A43-30F9144D4F7E}.Release|Any CPU.ActiveCfg = Release|Any CPU
		{AE83DF08-CC61-4103-8A43-30F9144D4F7E}.Release|Any CPU.Build.0 = Release|Any CPU
		{50D30AC9-0CE9-4434-A4B0-421091ED5DE9}.Debug|Any CPU.ActiveCfg = Debug|Any CPU
		{50D30AC9-0CE9-4434-A4B0-421091ED5DE9}.Debug|Any CPU.Build.0 = Debug|Any CPU
		{50D30AC9-0CE9-4434-A4B0-421091ED5DE9}.Release|Any CPU.ActiveCfg = Release|Any CPU
		{50D30AC9-0CE9-4434-A4B0-421091ED5DE9}.Release|Any CPU.Build.0 = Release|Any CPU
		{D3FAFB78-1AF5-4966-8168-A402DC2B68F9}.Debug|Any CPU.ActiveCfg = Debug|Any CPU
		{D3FAFB78-1AF5-4966-8168-A402DC2B68F9}.Debug|Any CPU.Build.0 = Debug|Any CPU
		{D3FAFB78-1AF5-4966-8168-A402DC2B68F9}.Release|Any CPU.ActiveCfg = Release|Any CPU
		{D3FAFB78-1AF5-4966-8168-A402DC2B68F9}.Release|Any CPU.Build.0 = Release|Any CPU
	EndGlobalSection
EndGlobal
